
Microsoft Visual Studio Solution File, Format Version 12.00
# Visual Studio 15
Project("{FAE04EC0-301F-11D3-BF4B-00C04F79EFBC}") = "Assembly-CSharp", "Assembly-CSharp.csproj", "{9CA1BD87-D674-E62B-3D4F-BE427747D4F8}"
EndProject
Global
	GlobalSection(SolutionConfigurationPlatforms) = preSolution
		Debug|Any CPU = Debug|Any CPU
		Release|Any CPU = Release|Any CPU
	EndGlobalSection
	GlobalSection(ProjectConfigurationPlatforms) = postSolution
		{9CA1BD87-D674-E62B-3D4F-BE427747D4F8}.Debug|Any CPU.ActiveCfg = Debug|Any CPU
		{9CA1BD87-D674-E62B-3D4F-BE427747D4F8}.Debug|Any CPU.Build.0 = Debug|Any CPU
		{9CA1BD87-D674-E62B-3D4F-BE427747D4F8}.Release|Any CPU.ActiveCfg = Release|Any CPU
		{9CA1BD87-D674-E62B-3D4F-BE427747D4F8}.Release|Any CPU.Build.0 = Release|Any CPU
	EndGlobalSection
	GlobalSection(SolutionProperties) = preSolution
		HideSolutionNode = FALSE
	EndGlobalSection
EndGlobal
